<?xml version="1.0" encoding="utf-8"?>
<Project ToolsVersion="4.0" xmlns="http://schemas.microsoft.com/developer/msbuild/2003">
  <ItemGroup>
    <Filter Include="Engine">
      <UniqueIdentifier>{ede7556e-1510-4b1a-abc0-c6659120ca01}</UniqueIdentifier>
    </Filter>
    <Filter Include="EngineCore">
      <UniqueIdentifier>{5f0a334c-9caa-4849-bc73-6632c95f2a34}</UniqueIdentifier>
    </Filter>
    <Filter Include="EngineCore\Application">
      <UniqueIdentifier>{d5c5ad5d-d572-441e-a327-ccabef57ae9f}</UniqueIdentifier>
    </Filter>
    <Filter Include="EngineCore\Input">
      <UniqueIdentifier>{0609fffc-47c6-4324-b4e7-e21bfffc5c4a}</UniqueIdentifier>
    </Filter>
    <Filter Include="Graphics">
      <UniqueIdentifier>{a50eecd9-f99b-403a-856e-7055e1d36319}</UniqueIdentifier>
    </Filter>
    <Filter Include="Components">
      <UniqueIdentifier>{00653454-f75a-4c77-a1a6-ffa3664c9ef3}</UniqueIdentifier>
    </Filter>
    <Filter Include="Components\Object">
      <UniqueIdentifier>{9cbc66b7-e0de-4335-9b2d-eb709c536109}</UniqueIdentifier>
    </Filter>
    <Filter Include="Components\ObjectManager">
      <UniqueIdentifier>{64d45c99-7700-429d-b0dc-da5fc81b3b87}</UniqueIdentifier>
    </Filter>
    <Filter Include="Graphics\Material">
      <UniqueIdentifier>{f6cf9ecb-c7fc-432e-bd23-cbd77d378c88}</UniqueIdentifier>
    </Filter>
  </ItemGroup>
  <ItemGroup>
    <ClCompile Include="Engine.cpp">
      <Filter>Engine</Filter>
    </ClCompile>
    <ClCompile Include="Application.cpp">
      <Filter>EngineCore\Application</Filter>
    </ClCompile>
    <ClCompile Include="Input.cpp">
      <Filter>EngineCore\Input</Filter>
    </ClCompile>
    <ClCompile Include="..\includes\source\glad\glad.c" />
    <ClCompile Include="Graphics.cpp">
      <Filter>Graphics</Filter>
    </ClCompile>
    <ClCompile Include="Object.cpp">
      <Filter>Components\Object</Filter>
    </ClCompile>
    <ClCompile Include="Material.cpp">
      <Filter>Graphics\Material</Filter>
    </ClCompile>
    <ClCompile Include="ObjectManager.cpp">
      <Filter>Components\ObjectManager</Filter>
    </ClCompile>
  </ItemGroup>
  <ItemGroup>
    <ClInclude Include="Engine.h">
      <Filter>Engine</Filter>
    </ClInclude>
    <ClInclude Include="Application.h">
      <Filter>EngineCore\Application</Filter>
    </ClInclude>
    <ClInclude Include="Input.h">
      <Filter>EngineCore\Input</Filter>
    </ClInclude>
    <ClInclude Include="headers.h" />
    <ClInclude Include="Graphics.h">
      <Filter>Graphics</Filter>
    </ClInclude>
    <ClInclude Include="Object.h">
      <Filter>Components\Object</Filter>
    </ClInclude>
    <ClInclude Include="Material.h">
      <Filter>Graphics\Material</Filter>
    </ClInclude>
    <ClInclude Include="ObjectManager.h">
      <Filter>Components\ObjectManager</Filter>
    </ClInclude>
    <ClInclude Include="EngineCore.h">
      <Filter>EngineCore</Filter>
    </ClInclude>
  </ItemGroup>
</Project>